Microsoft Visual Studio Solution File, Format Version 12.00
# Visual Studio Version 17
VisualStudioVersion = 17.13.35507.96
MinimumVisualStudioVersion = 10.0.40219.1
Project("{2150E333-8FDC-42A3-9474-1A3956D46DE8}") = "src", "src", "{02EA681E-C7D8-13C7-8484-4AC65E1B71E8}"
EndProject
Project("{2150E333-8FDC-42A3-9474-1A3956D46DE8}") = "tests", "tests", "{26ADD40B-C78C-42C7-A66C-95206568AA92}"
EndProject
Project("{2150E333-8FDC-42A3-9474-1A3956D46DE8}") = "Solution Items", "Solution Items", "{8EC462FD-D22E-90A8-E5CE-7E832BA40C5D}"
	ProjectSection(SolutionItems) = preProject
		.editorconfig = .editorconfig
		.gitignore = .gitignore
		LICENSE = LICENSE
		README.md = README.md
	EndProjectSection
EndProject
Project("{FAE04EC0-301F-11D3-BF4B-00C04F79EFBC}") = "CleanResults", "src\CleanResults\CleanResults.csproj", "{2DB902F5-AAE3-4611-9C23-E3F0F6220016}"
EndProject
Project("{FAE04EC0-301F-11D3-BF4B-00C04F79EFBC}") = "CleanResults.Extensions.Logging", "src\CleanResults.Extensions.Logging\CleanResults.Extensions.Logging.csproj", "{54A2DE0A-2078-4AC6-A674-53C1BB343643}"
EndProject
Project("{FAE04EC0-301F-11D3-BF4B-00C04F79EFBC}") = "CleanResults.Tests", "tests\CleanResults.Tests\CleanResults.Tests.csproj", "{3EEC8245-BF67-4B6B-A783-137E843E6F90}"
EndProject
Global
	GlobalSection(SolutionConfigurationPlatforms) = preSolution
		Debug|Any CPU = Debug|Any CPU
		Release|Any CPU = Release|Any CPU
	EndGlobalSection
	GlobalSection(ProjectConfigurationPlatforms) = postSolution
		{2DB902F5-AAE3-4611-9C23-E3F0F6220016}.Debug|Any CPU.ActiveCfg = Debug|Any CPU
		{2DB902F5-AAE3-4611-9C23-E3F0F6220016}.Debug|Any CPU.Build.0 = Debug|Any CPU
		{2DB902F5-AAE3-4611-9C23-E3F0F6220016}.Release|Any CPU.ActiveCfg = Release|Any CPU
		{2DB902F5-AAE3-4611-9C23-E3F0F6220016}.Release|Any CPU.Build.0 = Release|Any CPU
		{54A2DE0A-2078-4AC6-A674-53C1BB343643}.Debug|Any CPU.ActiveCfg = Debug|Any CPU
		{54A2DE0A-2078-4AC6-A674-53C1BB343643}.Debug|Any CPU.Build.0 = Debug|Any CPU
		{54A2DE0A-2078-4AC6-A674-53C1BB343643}.Release|Any CPU.ActiveCfg = Release|Any CPU
		{54A2DE0A-2078-4AC6-A674-53C1BB343643}.Release|Any CPU.Build.0 = Release|Any CPU
		{3EEC8245-BF67-4B6B-A783-137E843E6F90}.Debug|Any CPU.ActiveCfg = Debug|Any CPU
		{3EEC8245-BF67-4B6B-A783-137E843E6F90}.Debug|Any CPU.Build.0 = Debug|Any CPU
		{3EEC8245-BF67-4B6B-A783-137E843E6F90}.Release|Any CPU.ActiveCfg = Release|Any CPU
		{3EEC8245-BF67-4B6B-A783-137E843E6F90}.Release|Any CPU.Build.0 = Release|Any CPU
	EndGlobalSection
	GlobalSection(SolutionProperties) = preSolution
		HideSolutionNode = FALSE
	EndGlobalSection
	GlobalSection(NestedProjects) = preSolution
		{2DB902F5-AAE3-4611-9C23-E3F0F6220016} = {02EA681E-C7D8-13C7-8484-4AC65E1B71E8}
		{54A2DE0A-2078-4AC6-A674-53C1BB343643} = {02EA681E-C7D8-13C7-8484-4AC65E1B71E8}
		{3EEC8245-BF67-4B6B-A783-137E843E6F90} = {26ADD40B-C78C-42C7-A66C-95206568AA92}
	EndGlobalSection
	GlobalSection(ExtensibilityGlobals) = postSolution
		SolutionGuid = {F5B33541-B53D-4408-9A20-71A85E88D6EC}
	EndGlobalSection
EndGlobal
